
Microsoft Visual Studio Solution File, Format Version 12.00
# Visual Studio 15
VisualStudioVersion = 15.0.27130.2010
MinimumVisualStudioVersion = 10.0.40219.1
Project("{FAE04EC0-301F-11D3-BF4B-00C04F79EFBC}") = "Presentation", "Presentation\Presentation.csproj", "{D0240EA5-BFAC-42D3-ACA1-F9F8D8639454}"
EndProject
Global
	GlobalSection(SolutionConfigurationPlatforms) = preSolution
		Debug|Any CPU = Debug|Any CPU
		Release|Any CPU = Release|Any CPU
	EndGlobalSection
	GlobalSection(ProjectConfigurationPlatforms) = postSolution
		{D0240EA5-BFAC-42D3-ACA1-F9F8D8639454}.Debug|Any CPU.ActiveCfg = Debug|Any CPU
		{D0240EA5-BFAC-42D3-ACA1-F9F8D8639454}.Debug|Any CPU.Build.0 = Debug|Any CPU
		{D0240EA5-BFAC-42D3-ACA1-F9F8D8639454}.Release|Any CPU.ActiveCfg = Release|Any CPU
		{D0240EA5-BFAC-42D3-ACA1-F9F8D8639454}.Release|Any CPU.Build.0 = Release|Any CPU
	EndGlobalSection
	GlobalSection(SolutionProperties) = preSolution
		HideSolutionNode = FALSE
	EndGlobalSection
	GlobalSection(ExtensibilityGlobals) = postSolution
		SolutionGuid = {E46746DC-BC95-47A7-98B2-CC02BCE23AB5}
	EndGlobalSection
EndGlobal
